
Microsoft Visual Studio Solution File, Format Version 12.00
# Visual Studio 15
VisualStudioVersion = 15.0.28010.2046
MinimumVisualStudioVersion = 10.0.40219.1
Project("{FAE04EC0-301F-11D3-BF4B-00C04F79EFBC}") = "DossierExplorer", "DossierExplorer\DossierExplorer.csproj", "{3E71CD53-6A76-4563-A961-562F117EEA9B}"
EndProject
Global
	GlobalSection(SolutionConfigurationPlatforms) = preSolution
		Debug|Any CPU = Debug|Any CPU
		Debug|x86 = Debug|x86
		Release|Any CPU = Release|Any CPU
		Release|x86 = Release|x86
	EndGlobalSection
	GlobalSection(ProjectConfigurationPlatforms) = postSolution
		{3E71CD53-6A76-4563-A961-562F117EEA9B}.Debug|Any CPU.ActiveCfg = Release|Any CPU
		{3E71CD53-6A76-4563-A961-562F117EEA9B}.Debug|Any CPU.Build.0 = Release|Any CPU
		{3E71CD53-6A76-4563-A961-562F117EEA9B}.Debug|x86.ActiveCfg = Debug|x86
		{3E71CD53-6A76-4563-A961-562F117EEA9B}.Debug|x86.Build.0 = Debug|x86
		{3E71CD53-6A76-4563-A961-562F117EEA9B}.Release|Any CPU.ActiveCfg = Release|Any CPU
		{3E71CD53-6A76-4563-A961-562F117EEA9B}.Release|Any CPU.Build.0 = Release|Any CPU
		{3E71CD53-6A76-4563-A961-562F117EEA9B}.Release|x86.ActiveCfg = Release|x86
		{3E71CD53-6A76-4563-A961-562F117EEA9B}.Release|x86.Build.0 = Release|x86
	EndGlobalSection
	GlobalSection(SolutionProperties) = preSolution
		HideSolutionNode = FALSE
	EndGlobalSection
	GlobalSection(ExtensibilityGlobals) = postSolution
		SolutionGuid = {863AB96F-2F31-4B6C-9128-2102E2C2BC34}
	EndGlobalSection
EndGlobal
